
Microsoft Visual Studio Solution File, Format Version 12.00
# Visual Studio Version 17
VisualStudioVersion = 17.1.32319.34
MinimumVisualStudioVersion = 10.0.40219.1
Project("{9A19103F-16F7-4668-BE54-9A1E7A4F7556}") = "Vouchers.Application", "Vouchers.Application\Vouchers.Application.csproj", "{6602EC85-3A5D-46E4-B691-8BD00F74A5BC}"
EndProject
Project("{9A19103F-16F7-4668-BE54-9A1E7A4F7556}") = "Vouchers.API", "Vouchers.API\Vouchers.API.csproj", "{564E6453-DE6A-487A-921C-885E3DF0C935}"
EndProject
Project("{9A19103F-16F7-4668-BE54-9A1E7A4F7556}") = "Vouchers.Persistence", "Vouchers.Persistence\Vouchers.Persistence.csproj", "{71E4207B-68D9-44F0-BE6C-8294D33CF52E}"
EndProject
Project("{9A19103F-16F7-4668-BE54-9A1E7A4F7556}") = "Vouchers.Core", "Vouchers.Core\Vouchers.Core.csproj", "{AC3F47FA-B7C9-4AE0-9832-1E63A8F918D3}"
EndProject
Project("{9A19103F-16F7-4668-BE54-9A1E7A4F7556}") = "Vouchers.Values", "Vouchers.Values\Vouchers.Values.csproj", "{26C22A28-40D4-4837-9285-E64CF7B3C9C5}"
EndProject
Project("{9A19103F-16F7-4668-BE54-9A1E7A4F7556}") = "Vouchers.Domains", "Vouchers.Domains\Vouchers.Domains.csproj", "{B68A97FF-64AA-4261-802F-32C20CF499C3}"
EndProject
Project("{9A19103F-16F7-4668-BE54-9A1E7A4F7556}") = "Vouchers.Auth", "Vouchers.Auth\Vouchers.Auth.csproj", "{1F3A618E-FE27-4B46-A069-FEDA3F60B239}"
EndProject
Project("{9A19103F-16F7-4668-BE54-9A1E7A4F7556}") = "Vouchers.Identities", "Vouchers.Identities\Vouchers.Identities.csproj", "{28DE5959-D04D-4943-A37C-6AD63D1BDC2E}"
EndProject
Project("{E53339B2-1760-4266-BCC7-CA923CBCF16C}") = "docker-compose", "docker-compose.dcproj", "{D28D1F00-F32E-4B5E-8578-0067972F4981}"
EndProject
Project("{9A19103F-16F7-4668-BE54-9A1E7A4F7556}") = "Vouchers.IdentityServer", "Vouchers.IdentityServer\Vouchers.IdentityServer.csproj", "{3760E1E4-BB5A-4833-A8B2-2B4AD7481829}"
EndProject
Project("{9A19103F-16F7-4668-BE54-9A1E7A4F7556}") = "Vouchers.Files", "Vouchers.Files\Vouchers.Files.csproj", "{47F23B0F-867D-45B6-BBC2-B978977BA5D2}"
EndProject
Project("{9A19103F-16F7-4668-BE54-9A1E7A4F7556}") = "Vouchers.Primitives", "Vouchers.Primitives\Vouchers.Primitives.csproj", "{4B52B694-183C-43EA-996B-A00250B39093}"
EndProject
Project("{9A19103F-16F7-4668-BE54-9A1E7A4F7556}") = "Vouchers.StaticFiles", "Vouchers.StaticFiles\Vouchers.StaticFiles.csproj", "{31910259-DEAA-49A0-A475-00EA199E6A7E}"
EndProject
Project("{FAE04EC0-301F-11D3-BF4B-00C04F79EFBC}") = "Vouchers.MinimalAPI", "Vouchers.MinimalAPI\Vouchers.MinimalAPI.csproj", "{6014A76A-1158-4B0A-B485-CEA375C05865}"
EndProject
Project("{2150E333-8FDC-42A3-9474-1A3956D46DE8}") = "Domain", "Domain", "{980C1F0C-50FA-4037-8273-A6300637E166}"
EndProject
Project("{2150E333-8FDC-42A3-9474-1A3956D46DE8}") = "Application", "Application", "{EE7BD980-8725-4C9C-84B8-151850442708}"
EndProject
Project("{2150E333-8FDC-42A3-9474-1A3956D46DE8}") = "Infrastructure", "Infrastructure", "{E39D4AAC-A645-473D-98B5-F63DA2D8E074}"
EndProject
Project("{2150E333-8FDC-42A3-9474-1A3956D46DE8}") = "Presentation", "Presentation", "{00E3F0BB-80B2-4A56-A0C0-D8C774A80BC5}"
EndProject
Project("{2150E333-8FDC-42A3-9474-1A3956D46DE8}") = "Auth", "Auth", "{5B816EDF-1C78-4970-B784-0ACDA85FFEF2}"
EndProject
Project("{2150E333-8FDC-42A3-9474-1A3956D46DE8}") = "StaticFiles", "StaticFiles", "{43D407C3-AC18-4F99-8F9D-297DF2740BBE}"
EndProject
Project("{2150E333-8FDC-42A3-9474-1A3956D46DE8}") = "Vouchers", "Vouchers", "{89151487-C55D-465D-98C4-9FB6A16491B2}"
EndProject
Project("{FAE04EC0-301F-11D3-BF4B-00C04F79EFBC}") = "Vouchers.Infrastructure", "Vouchers.Infrastructure\Vouchers.Infrastructure.csproj", "{BE376F3F-706C-4DB3-A821-FB54552AA089}"
EndProject
Project("{FAE04EC0-301F-11D3-BF4B-00C04F79EFBC}") = "Vouchers.AddMigration", "Vouchers.AddMigration\Vouchers.AddMigration.csproj", "{77464085-A86D-4A08-9EE6-252E851935F3}"
EndProject
Global
	GlobalSection(SolutionConfigurationPlatforms) = preSolution
		Debug|Any CPU = Debug|Any CPU
		Release|Any CPU = Release|Any CPU
	EndGlobalSection
	GlobalSection(ProjectConfigurationPlatforms) = postSolution
		{6602EC85-3A5D-46E4-B691-8BD00F74A5BC}.Debug|Any CPU.ActiveCfg = Debug|Any CPU
		{6602EC85-3A5D-46E4-B691-8BD00F74A5BC}.Debug|Any CPU.Build.0 = Debug|Any CPU
		{6602EC85-3A5D-46E4-B691-8BD00F74A5BC}.Release|Any CPU.ActiveCfg = Release|Any CPU
		{6602EC85-3A5D-46E4-B691-8BD00F74A5BC}.Release|Any CPU.Build.0 = Release|Any CPU
		{564E6453-DE6A-487A-921C-885E3DF0C935}.Debug|Any CPU.ActiveCfg = Debug|Any CPU
		{564E6453-DE6A-487A-921C-885E3DF0C935}.Debug|Any CPU.Build.0 = Debug|Any CPU
		{564E6453-DE6A-487A-921C-885E3DF0C935}.Release|Any CPU.ActiveCfg = Release|Any CPU
		{564E6453-DE6A-487A-921C-885E3DF0C935}.Release|Any CPU.Build.0 = Release|Any CPU
		{71E4207B-68D9-44F0-BE6C-8294D33CF52E}.Debug|Any CPU.ActiveCfg = Debug|Any CPU
		{71E4207B-68D9-44F0-BE6C-8294D33CF52E}.Debug|Any CPU.Build.0 = Debug|Any CPU
		{71E4207B-68D9-44F0-BE6C-8294D33CF52E}.Release|Any CPU.ActiveCfg = Release|Any CPU
		{71E4207B-68D9-44F0-BE6C-8294D33CF52E}.Release|Any CPU.Build.0 = Release|Any CPU
		{AC3F47FA-B7C9-4AE0-9832-1E63A8F918D3}.Debug|Any CPU.ActiveCfg = Debug|Any CPU
		{AC3F47FA-B7C9-4AE0-9832-1E63A8F918D3}.Debug|Any CPU.Build.0 = Debug|Any CPU
		{AC3F47FA-B7C9-4AE0-9832-1E63A8F918D3}.Release|Any CPU.ActiveCfg = Release|Any CPU
		{AC3F47FA-B7C9-4AE0-9832-1E63A8F918D3}.Release|Any CPU.Build.0 = Release|Any CPU
		{26C22A28-40D4-4837-9285-E64CF7B3C9C5}.Debug|Any CPU.ActiveCfg = Debug|Any CPU
		{26C22A28-40D4-4837-9285-E64CF7B3C9C5}.Debug|Any CPU.Build.0 = Debug|Any CPU
		{26C22A28-40D4-4837-9285-E64CF7B3C9C5}.Release|Any CPU.ActiveCfg = Release|Any CPU
		{26C22A28-40D4-4837-9285-E64CF7B3C9C5}.Release|Any CPU.Build.0 = Release|Any CPU
		{B68A97FF-64AA-4261-802F-32C20CF499C3}.Debug|Any CPU.ActiveCfg = Debug|Any CPU
		{B68A97FF-64AA-4261-802F-32C20CF499C3}.Debug|Any CPU.Build.0 = Debug|Any CPU
		{B68A97FF-64AA-4261-802F-32C20CF499C3}.Release|Any CPU.ActiveCfg = Release|Any CPU
		{B68A97FF-64AA-4261-802F-32C20CF499C3}.Release|Any CPU.Build.0 = Release|Any CPU
		{1F3A618E-FE27-4B46-A069-FEDA3F60B239}.Debug|Any CPU.ActiveCfg = Debug|Any CPU
		{1F3A618E-FE27-4B46-A069-FEDA3F60B239}.Debug|Any CPU.Build.0 = Debug|Any CPU
		{1F3A618E-FE27-4B46-A069-FEDA3F60B239}.Release|Any CPU.ActiveCfg = Release|Any CPU
		{1F3A618E-FE27-4B46-A069-FEDA3F60B239}.Release|Any CPU.Build.0 = Release|Any CPU
		{28DE5959-D04D-4943-A37C-6AD63D1BDC2E}.Debug|Any CPU.ActiveCfg = Debug|Any CPU
		{28DE5959-D04D-4943-A37C-6AD63D1BDC2E}.Debug|Any CPU.Build.0 = Debug|Any CPU
		{28DE5959-D04D-4943-A37C-6AD63D1BDC2E}.Release|Any CPU.ActiveCfg = Release|Any CPU
		{28DE5959-D04D-4943-A37C-6AD63D1BDC2E}.Release|Any CPU.Build.0 = Release|Any CPU
		{D28D1F00-F32E-4B5E-8578-0067972F4981}.Debug|Any CPU.ActiveCfg = Debug|Any CPU
		{D28D1F00-F32E-4B5E-8578-0067972F4981}.Debug|Any CPU.Build.0 = Debug|Any CPU
		{D28D1F00-F32E-4B5E-8578-0067972F4981}.Release|Any CPU.ActiveCfg = Release|Any CPU
		{D28D1F00-F32E-4B5E-8578-0067972F4981}.Release|Any CPU.Build.0 = Release|Any CPU
		{3760E1E4-BB5A-4833-A8B2-2B4AD7481829}.Debug|Any CPU.ActiveCfg = Debug|Any CPU
		{3760E1E4-BB5A-4833-A8B2-2B4AD7481829}.Debug|Any CPU.Build.0 = Debug|Any CPU
		{3760E1E4-BB5A-4833-A8B2-2B4AD7481829}.Release|Any CPU.ActiveCfg = Release|Any CPU
		{3760E1E4-BB5A-4833-A8B2-2B4AD7481829}.Release|Any CPU.Build.0 = Release|Any CPU
		{47F23B0F-867D-45B6-BBC2-B978977BA5D2}.Debug|Any CPU.ActiveCfg = Debug|Any CPU
		{47F23B0F-867D-45B6-BBC2-B978977BA5D2}.Debug|Any CPU.Build.0 = Debug|Any CPU
		{47F23B0F-867D-45B6-BBC2-B978977BA5D2}.Release|Any CPU.ActiveCfg = Release|Any CPU
		{47F23B0F-867D-45B6-BBC2-B978977BA5D2}.Release|Any CPU.Build.0 = Release|Any CPU
		{4B52B694-183C-43EA-996B-A00250B39093}.Debug|Any CPU.ActiveCfg = Debug|Any CPU
		{4B52B694-183C-43EA-996B-A00250B39093}.Debug|Any CPU.Build.0 = Debug|Any CPU
		{4B52B694-183C-43EA-996B-A00250B39093}.Release|Any CPU.ActiveCfg = Release|Any CPU
		{4B52B694-183C-43EA-996B-A00250B39093}.Release|Any CPU.Build.0 = Release|Any CPU
		{31910259-DEAA-49A0-A475-00EA199E6A7E}.Debug|Any CPU.ActiveCfg = Debug|Any CPU
		{31910259-DEAA-49A0-A475-00EA199E6A7E}.Debug|Any CPU.Build.0 = Debug|Any CPU
		{31910259-DEAA-49A0-A475-00EA199E6A7E}.Release|Any CPU.ActiveCfg = Release|Any CPU
		{31910259-DEAA-49A0-A475-00EA199E6A7E}.Release|Any CPU.Build.0 = Release|Any CPU
		{6014A76A-1158-4B0A-B485-CEA375C05865}.Debug|Any CPU.ActiveCfg = Debug|Any CPU
		{6014A76A-1158-4B0A-B485-CEA375C05865}.Debug|Any CPU.Build.0 = Debug|Any CPU
		{6014A76A-1158-4B0A-B485-CEA375C05865}.Release|Any CPU.ActiveCfg = Release|Any CPU
		{6014A76A-1158-4B0A-B485-CEA375C05865}.Release|Any CPU.Build.0 = Release|Any CPU
		{BE376F3F-706C-4DB3-A821-FB54552AA089}.Debug|Any CPU.ActiveCfg = Debug|Any CPU
		{BE376F3F-706C-4DB3-A821-FB54552AA089}.Debug|Any CPU.Build.0 = Debug|Any CPU
		{BE376F3F-706C-4DB3-A821-FB54552AA089}.Release|Any CPU.ActiveCfg = Release|Any CPU
		{BE376F3F-706C-4DB3-A821-FB54552AA089}.Release|Any CPU.Build.0 = Release|Any CPU
		{77464085-A86D-4A08-9EE6-252E851935F3}.Debug|Any CPU.ActiveCfg = Debug|Any CPU
		{77464085-A86D-4A08-9EE6-252E851935F3}.Debug|Any CPU.Build.0 = Debug|Any CPU
		{77464085-A86D-4A08-9EE6-252E851935F3}.Release|Any CPU.ActiveCfg = Release|Any CPU
		{77464085-A86D-4A08-9EE6-252E851935F3}.Release|Any CPU.Build.0 = Release|Any CPU
	EndGlobalSection
	GlobalSection(SolutionProperties) = preSolution
		HideSolutionNode = FALSE
	EndGlobalSection
	GlobalSection(ExtensibilityGlobals) = postSolution
		RESX_ShowErrorsInErrorList = False
		SolutionGuid = {559C331F-B670-4C6E-8AA9-14C238526424}
	EndGlobalSection
	GlobalSection(NestedProjects) = preSolution
		{AC3F47FA-B7C9-4AE0-9832-1E63A8F918D3} = {980C1F0C-50FA-4037-8273-A6300637E166}
		{B68A97FF-64AA-4261-802F-32C20CF499C3} = {980C1F0C-50FA-4037-8273-A6300637E166}
		{47F23B0F-867D-45B6-BBC2-B978977BA5D2} = {980C1F0C-50FA-4037-8273-A6300637E166}
		{26C22A28-40D4-4837-9285-E64CF7B3C9C5} = {980C1F0C-50FA-4037-8273-A6300637E166}
		{4B52B694-183C-43EA-996B-A00250B39093} = {980C1F0C-50FA-4037-8273-A6300637E166}
		{28DE5959-D04D-4943-A37C-6AD63D1BDC2E} = {980C1F0C-50FA-4037-8273-A6300637E166}
		{6602EC85-3A5D-46E4-B691-8BD00F74A5BC} = {EE7BD980-8725-4C9C-84B8-151850442708}
		{71E4207B-68D9-44F0-BE6C-8294D33CF52E} = {E39D4AAC-A645-473D-98B5-F63DA2D8E074}
		{564E6453-DE6A-487A-921C-885E3DF0C935} = {00E3F0BB-80B2-4A56-A0C0-D8C774A80BC5}
		{6014A76A-1158-4B0A-B485-CEA375C05865} = {00E3F0BB-80B2-4A56-A0C0-D8C774A80BC5}
		{1F3A618E-FE27-4B46-A069-FEDA3F60B239} = {5B816EDF-1C78-4970-B784-0ACDA85FFEF2}
		{3760E1E4-BB5A-4833-A8B2-2B4AD7481829} = {5B816EDF-1C78-4970-B784-0ACDA85FFEF2}
		{31910259-DEAA-49A0-A475-00EA199E6A7E} = {43D407C3-AC18-4F99-8F9D-297DF2740BBE}
		{00E3F0BB-80B2-4A56-A0C0-D8C774A80BC5} = {89151487-C55D-465D-98C4-9FB6A16491B2}
		{EE7BD980-8725-4C9C-84B8-151850442708} = {89151487-C55D-465D-98C4-9FB6A16491B2}
		{980C1F0C-50FA-4037-8273-A6300637E166} = {89151487-C55D-465D-98C4-9FB6A16491B2}
		{E39D4AAC-A645-473D-98B5-F63DA2D8E074} = {89151487-C55D-465D-98C4-9FB6A16491B2}
		{BE376F3F-706C-4DB3-A821-FB54552AA089} = {E39D4AAC-A645-473D-98B5-F63DA2D8E074}
		{77464085-A86D-4A08-9EE6-252E851935F3} = {E39D4AAC-A645-473D-98B5-F63DA2D8E074}
	EndGlobalSection
EndGlobal
