
Microsoft Visual Studio Solution File, Format Version 12.00
# Visual Studio Version 17
VisualStudioVersion = 17.1.32319.34
MinimumVisualStudioVersion = 10.0.40219.1
Project("{9A19103F-16F7-4668-BE54-9A1E7A4F7556}") = "Vouchers.Domains.Application", "Vouchers.Domains.Application\Vouchers.Domains.Application.csproj", "{6602EC85-3A5D-46E4-B691-8BD00F74A5BC}"
EndProject
Project("{9A19103F-16F7-4668-BE54-9A1E7A4F7556}") = "Vouchers.API", "Vouchers.API\Vouchers.API.csproj", "{564E6453-DE6A-487A-921C-885E3DF0C935}"
EndProject
Project("{9A19103F-16F7-4668-BE54-9A1E7A4F7556}") = "Vouchers.Persistence", "Vouchers.Persistence\Vouchers.Persistence.csproj", "{71E4207B-68D9-44F0-BE6C-8294D33CF52E}"
EndProject
Project("{9A19103F-16F7-4668-BE54-9A1E7A4F7556}") = "Vouchers.Core.Domain", "Vouchers.Core.Domain\Vouchers.Core.Domain.csproj", "{AC3F47FA-B7C9-4AE0-9832-1E63A8F918D3}"
EndProject
Project("{9A19103F-16F7-4668-BE54-9A1E7A4F7556}") = "Vouchers.Domains.Domain", "Vouchers.Domains.Domain\Vouchers.Domains.Domain.csproj", "{B68A97FF-64AA-4261-802F-32C20CF499C3}"
EndProject
Project("{9A19103F-16F7-4668-BE54-9A1E7A4F7556}") = "Vouchers.Auth", "Vouchers.Auth\Vouchers.Auth.csproj", "{1F3A618E-FE27-4B46-A069-FEDA3F60B239}"
EndProject
Project("{E53339B2-1760-4266-BCC7-CA923CBCF16C}") = "docker-compose", "docker-compose.dcproj", "{D28D1F00-F32E-4B5E-8578-0067972F4981}"
EndProject
Project("{9A19103F-16F7-4668-BE54-9A1E7A4F7556}") = "Vouchers.IdentityServer", "Vouchers.IdentityServer\Vouchers.IdentityServer.csproj", "{3760E1E4-BB5A-4833-A8B2-2B4AD7481829}"
EndProject
Project("{9A19103F-16F7-4668-BE54-9A1E7A4F7556}") = "Vouchers.Files.Domain", "Vouchers.Files.Domain\Vouchers.Files.Domain.csproj", "{47F23B0F-867D-45B6-BBC2-B978977BA5D2}"
EndProject
Project("{9A19103F-16F7-4668-BE54-9A1E7A4F7556}") = "Vouchers.Common.Primitives", "Vouchers.Common.Primitives\Vouchers.Common.Primitives.csproj", "{4B52B694-183C-43EA-996B-A00250B39093}"
EndProject
Project("{9A19103F-16F7-4668-BE54-9A1E7A4F7556}") = "Vouchers.StaticFiles", "Vouchers.StaticFiles\Vouchers.StaticFiles.csproj", "{31910259-DEAA-49A0-A475-00EA199E6A7E}"
EndProject
Project("{FAE04EC0-301F-11D3-BF4B-00C04F79EFBC}") = "Vouchers.MinimalAPI", "Vouchers.MinimalAPI\Vouchers.MinimalAPI.csproj", "{6014A76A-1158-4B0A-B485-CEA375C05865}"
EndProject
Project("{2150E333-8FDC-42A3-9474-1A3956D46DE8}") = "Infrastructure", "Infrastructure", "{E39D4AAC-A645-473D-98B5-F63DA2D8E074}"
EndProject
Project("{2150E333-8FDC-42A3-9474-1A3956D46DE8}") = "Presentation", "Presentation", "{00E3F0BB-80B2-4A56-A0C0-D8C774A80BC5}"
EndProject
Project("{2150E333-8FDC-42A3-9474-1A3956D46DE8}") = "Auth", "Auth", "{5B816EDF-1C78-4970-B784-0ACDA85FFEF2}"
EndProject
Project("{2150E333-8FDC-42A3-9474-1A3956D46DE8}") = "StaticFiles", "StaticFiles", "{43D407C3-AC18-4F99-8F9D-297DF2740BBE}"
EndProject
Project("{2150E333-8FDC-42A3-9474-1A3956D46DE8}") = "Vouchers", "Vouchers", "{89151487-C55D-465D-98C4-9FB6A16491B2}"
EndProject
Project("{FAE04EC0-301F-11D3-BF4B-00C04F79EFBC}") = "Vouchers.Infrastructure", "Vouchers.Infrastructure\Vouchers.Infrastructure.csproj", "{BE376F3F-706C-4DB3-A821-FB54552AA089}"
EndProject
Project("{FAE04EC0-301F-11D3-BF4B-00C04F79EFBC}") = "Vouchers.AddMigration", "Vouchers.AddMigration\Vouchers.AddMigration.csproj", "{77464085-A86D-4A08-9EE6-252E851935F3}"
EndProject
Project("{2150E333-8FDC-42A3-9474-1A3956D46DE8}") = "Tests", "Tests", "{CAB3894E-FC4B-4B47-9423-2F8C5B951D69}"
EndProject
Project("{2150E333-8FDC-42A3-9474-1A3956D46DE8}") = "Common", "Common", "{F9AB9BBF-913A-4015-BF52-363444570C47}"
EndProject
Project("{2150E333-8FDC-42A3-9474-1A3956D46DE8}") = "Domain", "Domain", "{C31E4348-C010-4A47-912B-80D8911997A3}"
EndProject
Project("{FAE04EC0-301F-11D3-BF4B-00C04F79EFBC}") = "Vouchers.Core.Domain.UnitTests", "Vouchers.Core.Domain.UnitTests\Vouchers.Core.Domain.UnitTests.csproj", "{678E09A6-12B9-4BE4-B1DA-E859A7314A5C}"
EndProject
Project("{FAE04EC0-301F-11D3-BF4B-00C04F79EFBC}") = "Vouchers.Resources", "Vouchers.Resources\Vouchers.Resources.csproj", "{AB5395CC-FBCE-4E2C-8F95-9E78936130F2}"
EndProject
Project("{2150E333-8FDC-42A3-9474-1A3956D46DE8}") = "Core", "Core", "{D46680FB-253C-4682-BB6E-01668810798C}"
EndProject
Project("{FAE04EC0-301F-11D3-BF4B-00C04F79EFBC}") = "Vouchers.Core.Application", "Vouchers.Core.Application\Vouchers.Core.Application.csproj", "{41A038F8-16F5-4976-8583-2CECBA72C7BB}"
EndProject
Project("{2150E333-8FDC-42A3-9474-1A3956D46DE8}") = "Modules", "Modules", "{CFD379C3-7825-46B6-AA18-8806CF0B466E}"
EndProject
Project("{FAE04EC0-301F-11D3-BF4B-00C04F79EFBC}") = "Vouchers.Common.Application", "Vouchers.Common.Application\Vouchers.Common.Application.csproj", "{3813D3FF-D19E-42CD-B808-38C0B98C047C}"
EndProject
Project("{2150E333-8FDC-42A3-9474-1A3956D46DE8}") = "Domains", "Domains", "{FB0BBDEE-1637-4403-8D60-86CE86BEE670}"
EndProject
Project("{2150E333-8FDC-42A3-9474-1A3956D46DE8}") = "Queries", "Queries", "{63D94897-4366-4F1A-BCF9-417E488508E8}"
EndProject
Project("{FAE04EC0-301F-11D3-BF4B-00C04F79EFBC}") = "Vouchers.Queries.Application", "Vouchers.Queries.Application\Vouchers.Queries.Application.csproj", "{3C75CF2B-CF6F-4635-A3AB-01002253E714}"
EndProject
Project("{2150E333-8FDC-42A3-9474-1A3956D46DE8}") = "Files", "Files", "{A8AEC582-6F9B-47F3-89F6-942EDBBF5D23}"
EndProject
Project("{FAE04EC0-301F-11D3-BF4B-00C04F79EFBC}") = "Vouchers.Files.Application", "Vouchers.Files.Application\Vouchers.Files.Application.csproj", "{31F317FA-4383-4A86-B621-59B8EEAFCDF3}"
EndProject
Global
	GlobalSection(SolutionConfigurationPlatforms) = preSolution
		Debug|Any CPU = Debug|Any CPU
		Release|Any CPU = Release|Any CPU
	EndGlobalSection
	GlobalSection(ProjectConfigurationPlatforms) = postSolution
		{6602EC85-3A5D-46E4-B691-8BD00F74A5BC}.Debug|Any CPU.ActiveCfg = Debug|Any CPU
		{6602EC85-3A5D-46E4-B691-8BD00F74A5BC}.Debug|Any CPU.Build.0 = Debug|Any CPU
		{6602EC85-3A5D-46E4-B691-8BD00F74A5BC}.Release|Any CPU.ActiveCfg = Release|Any CPU
		{6602EC85-3A5D-46E4-B691-8BD00F74A5BC}.Release|Any CPU.Build.0 = Release|Any CPU
		{564E6453-DE6A-487A-921C-885E3DF0C935}.Debug|Any CPU.ActiveCfg = Debug|Any CPU
		{564E6453-DE6A-487A-921C-885E3DF0C935}.Debug|Any CPU.Build.0 = Debug|Any CPU
		{564E6453-DE6A-487A-921C-885E3DF0C935}.Release|Any CPU.ActiveCfg = Release|Any CPU
		{564E6453-DE6A-487A-921C-885E3DF0C935}.Release|Any CPU.Build.0 = Release|Any CPU
		{71E4207B-68D9-44F0-BE6C-8294D33CF52E}.Debug|Any CPU.ActiveCfg = Debug|Any CPU
		{71E4207B-68D9-44F0-BE6C-8294D33CF52E}.Debug|Any CPU.Build.0 = Debug|Any CPU
		{71E4207B-68D9-44F0-BE6C-8294D33CF52E}.Release|Any CPU.ActiveCfg = Release|Any CPU
		{71E4207B-68D9-44F0-BE6C-8294D33CF52E}.Release|Any CPU.Build.0 = Release|Any CPU
		{AC3F47FA-B7C9-4AE0-9832-1E63A8F918D3}.Debug|Any CPU.ActiveCfg = Debug|Any CPU
		{AC3F47FA-B7C9-4AE0-9832-1E63A8F918D3}.Debug|Any CPU.Build.0 = Debug|Any CPU
		{AC3F47FA-B7C9-4AE0-9832-1E63A8F918D3}.Release|Any CPU.ActiveCfg = Release|Any CPU
		{AC3F47FA-B7C9-4AE0-9832-1E63A8F918D3}.Release|Any CPU.Build.0 = Release|Any CPU
		{B68A97FF-64AA-4261-802F-32C20CF499C3}.Debug|Any CPU.ActiveCfg = Debug|Any CPU
		{B68A97FF-64AA-4261-802F-32C20CF499C3}.Debug|Any CPU.Build.0 = Debug|Any CPU
		{B68A97FF-64AA-4261-802F-32C20CF499C3}.Release|Any CPU.ActiveCfg = Release|Any CPU
		{B68A97FF-64AA-4261-802F-32C20CF499C3}.Release|Any CPU.Build.0 = Release|Any CPU
		{1F3A618E-FE27-4B46-A069-FEDA3F60B239}.Debug|Any CPU.ActiveCfg = Debug|Any CPU
		{1F3A618E-FE27-4B46-A069-FEDA3F60B239}.Debug|Any CPU.Build.0 = Debug|Any CPU
		{1F3A618E-FE27-4B46-A069-FEDA3F60B239}.Release|Any CPU.ActiveCfg = Release|Any CPU
		{1F3A618E-FE27-4B46-A069-FEDA3F60B239}.Release|Any CPU.Build.0 = Release|Any CPU
		{D28D1F00-F32E-4B5E-8578-0067972F4981}.Debug|Any CPU.ActiveCfg = Debug|Any CPU
		{D28D1F00-F32E-4B5E-8578-0067972F4981}.Debug|Any CPU.Build.0 = Debug|Any CPU
		{D28D1F00-F32E-4B5E-8578-0067972F4981}.Release|Any CPU.ActiveCfg = Release|Any CPU
		{D28D1F00-F32E-4B5E-8578-0067972F4981}.Release|Any CPU.Build.0 = Release|Any CPU
		{3760E1E4-BB5A-4833-A8B2-2B4AD7481829}.Debug|Any CPU.ActiveCfg = Debug|Any CPU
		{3760E1E4-BB5A-4833-A8B2-2B4AD7481829}.Debug|Any CPU.Build.0 = Debug|Any CPU
		{3760E1E4-BB5A-4833-A8B2-2B4AD7481829}.Release|Any CPU.ActiveCfg = Release|Any CPU
		{3760E1E4-BB5A-4833-A8B2-2B4AD7481829}.Release|Any CPU.Build.0 = Release|Any CPU
		{47F23B0F-867D-45B6-BBC2-B978977BA5D2}.Debug|Any CPU.ActiveCfg = Debug|Any CPU
		{47F23B0F-867D-45B6-BBC2-B978977BA5D2}.Debug|Any CPU.Build.0 = Debug|Any CPU
		{47F23B0F-867D-45B6-BBC2-B978977BA5D2}.Release|Any CPU.ActiveCfg = Release|Any CPU
		{47F23B0F-867D-45B6-BBC2-B978977BA5D2}.Release|Any CPU.Build.0 = Release|Any CPU
		{4B52B694-183C-43EA-996B-A00250B39093}.Debug|Any CPU.ActiveCfg = Debug|Any CPU
		{4B52B694-183C-43EA-996B-A00250B39093}.Debug|Any CPU.Build.0 = Debug|Any CPU
		{4B52B694-183C-43EA-996B-A00250B39093}.Release|Any CPU.ActiveCfg = Release|Any CPU
		{4B52B694-183C-43EA-996B-A00250B39093}.Release|Any CPU.Build.0 = Release|Any CPU
		{31910259-DEAA-49A0-A475-00EA199E6A7E}.Debug|Any CPU.ActiveCfg = Debug|Any CPU
		{31910259-DEAA-49A0-A475-00EA199E6A7E}.Debug|Any CPU.Build.0 = Debug|Any CPU
		{31910259-DEAA-49A0-A475-00EA199E6A7E}.Release|Any CPU.ActiveCfg = Release|Any CPU
		{31910259-DEAA-49A0-A475-00EA199E6A7E}.Release|Any CPU.Build.0 = Release|Any CPU
		{6014A76A-1158-4B0A-B485-CEA375C05865}.Debug|Any CPU.ActiveCfg = Debug|Any CPU
		{6014A76A-1158-4B0A-B485-CEA375C05865}.Debug|Any CPU.Build.0 = Debug|Any CPU
		{6014A76A-1158-4B0A-B485-CEA375C05865}.Release|Any CPU.ActiveCfg = Release|Any CPU
		{6014A76A-1158-4B0A-B485-CEA375C05865}.Release|Any CPU.Build.0 = Release|Any CPU
		{BE376F3F-706C-4DB3-A821-FB54552AA089}.Debug|Any CPU.ActiveCfg = Debug|Any CPU
		{BE376F3F-706C-4DB3-A821-FB54552AA089}.Debug|Any CPU.Build.0 = Debug|Any CPU
		{BE376F3F-706C-4DB3-A821-FB54552AA089}.Release|Any CPU.ActiveCfg = Release|Any CPU
		{BE376F3F-706C-4DB3-A821-FB54552AA089}.Release|Any CPU.Build.0 = Release|Any CPU
		{77464085-A86D-4A08-9EE6-252E851935F3}.Debug|Any CPU.ActiveCfg = Debug|Any CPU
		{77464085-A86D-4A08-9EE6-252E851935F3}.Debug|Any CPU.Build.0 = Debug|Any CPU
		{77464085-A86D-4A08-9EE6-252E851935F3}.Release|Any CPU.ActiveCfg = Release|Any CPU
		{77464085-A86D-4A08-9EE6-252E851935F3}.Release|Any CPU.Build.0 = Release|Any CPU
		{678E09A6-12B9-4BE4-B1DA-E859A7314A5C}.Debug|Any CPU.ActiveCfg = Debug|Any CPU
		{678E09A6-12B9-4BE4-B1DA-E859A7314A5C}.Debug|Any CPU.Build.0 = Debug|Any CPU
		{678E09A6-12B9-4BE4-B1DA-E859A7314A5C}.Release|Any CPU.ActiveCfg = Release|Any CPU
		{678E09A6-12B9-4BE4-B1DA-E859A7314A5C}.Release|Any CPU.Build.0 = Release|Any CPU
		{AB5395CC-FBCE-4E2C-8F95-9E78936130F2}.Debug|Any CPU.ActiveCfg = Debug|Any CPU
		{AB5395CC-FBCE-4E2C-8F95-9E78936130F2}.Debug|Any CPU.Build.0 = Debug|Any CPU
		{AB5395CC-FBCE-4E2C-8F95-9E78936130F2}.Release|Any CPU.ActiveCfg = Release|Any CPU
		{AB5395CC-FBCE-4E2C-8F95-9E78936130F2}.Release|Any CPU.Build.0 = Release|Any CPU
		{41A038F8-16F5-4976-8583-2CECBA72C7BB}.Debug|Any CPU.ActiveCfg = Debug|Any CPU
		{41A038F8-16F5-4976-8583-2CECBA72C7BB}.Debug|Any CPU.Build.0 = Debug|Any CPU
		{41A038F8-16F5-4976-8583-2CECBA72C7BB}.Release|Any CPU.ActiveCfg = Release|Any CPU
		{41A038F8-16F5-4976-8583-2CECBA72C7BB}.Release|Any CPU.Build.0 = Release|Any CPU
		{3813D3FF-D19E-42CD-B808-38C0B98C047C}.Debug|Any CPU.ActiveCfg = Debug|Any CPU
		{3813D3FF-D19E-42CD-B808-38C0B98C047C}.Debug|Any CPU.Build.0 = Debug|Any CPU
		{3813D3FF-D19E-42CD-B808-38C0B98C047C}.Release|Any CPU.ActiveCfg = Release|Any CPU
		{3813D3FF-D19E-42CD-B808-38C0B98C047C}.Release|Any CPU.Build.0 = Release|Any CPU
		{3C75CF2B-CF6F-4635-A3AB-01002253E714}.Debug|Any CPU.ActiveCfg = Debug|Any CPU
		{3C75CF2B-CF6F-4635-A3AB-01002253E714}.Debug|Any CPU.Build.0 = Debug|Any CPU
		{3C75CF2B-CF6F-4635-A3AB-01002253E714}.Release|Any CPU.ActiveCfg = Release|Any CPU
		{3C75CF2B-CF6F-4635-A3AB-01002253E714}.Release|Any CPU.Build.0 = Release|Any CPU
		{31F317FA-4383-4A86-B621-59B8EEAFCDF3}.Debug|Any CPU.ActiveCfg = Debug|Any CPU
		{31F317FA-4383-4A86-B621-59B8EEAFCDF3}.Debug|Any CPU.Build.0 = Debug|Any CPU
		{31F317FA-4383-4A86-B621-59B8EEAFCDF3}.Release|Any CPU.ActiveCfg = Release|Any CPU
		{31F317FA-4383-4A86-B621-59B8EEAFCDF3}.Release|Any CPU.Build.0 = Release|Any CPU
	EndGlobalSection
	GlobalSection(SolutionProperties) = preSolution
		HideSolutionNode = FALSE
	EndGlobalSection
	GlobalSection(ExtensibilityGlobals) = postSolution
		RESX_ShowErrorsInErrorList = False
		SolutionGuid = {559C331F-B670-4C6E-8AA9-14C238526424}
	EndGlobalSection
	GlobalSection(NestedProjects) = preSolution
		{71E4207B-68D9-44F0-BE6C-8294D33CF52E} = {E39D4AAC-A645-473D-98B5-F63DA2D8E074}
		{564E6453-DE6A-487A-921C-885E3DF0C935} = {00E3F0BB-80B2-4A56-A0C0-D8C774A80BC5}
		{6014A76A-1158-4B0A-B485-CEA375C05865} = {00E3F0BB-80B2-4A56-A0C0-D8C774A80BC5}
		{1F3A618E-FE27-4B46-A069-FEDA3F60B239} = {5B816EDF-1C78-4970-B784-0ACDA85FFEF2}
		{3760E1E4-BB5A-4833-A8B2-2B4AD7481829} = {5B816EDF-1C78-4970-B784-0ACDA85FFEF2}
		{31910259-DEAA-49A0-A475-00EA199E6A7E} = {43D407C3-AC18-4F99-8F9D-297DF2740BBE}
		{00E3F0BB-80B2-4A56-A0C0-D8C774A80BC5} = {89151487-C55D-465D-98C4-9FB6A16491B2}
		{E39D4AAC-A645-473D-98B5-F63DA2D8E074} = {89151487-C55D-465D-98C4-9FB6A16491B2}
		{BE376F3F-706C-4DB3-A821-FB54552AA089} = {E39D4AAC-A645-473D-98B5-F63DA2D8E074}
		{77464085-A86D-4A08-9EE6-252E851935F3} = {E39D4AAC-A645-473D-98B5-F63DA2D8E074}
		{F9AB9BBF-913A-4015-BF52-363444570C47} = {89151487-C55D-465D-98C4-9FB6A16491B2}
		{4B52B694-183C-43EA-996B-A00250B39093} = {F9AB9BBF-913A-4015-BF52-363444570C47}
		{CAB3894E-FC4B-4B47-9423-2F8C5B951D69} = {89151487-C55D-465D-98C4-9FB6A16491B2}
		{C31E4348-C010-4A47-912B-80D8911997A3} = {CAB3894E-FC4B-4B47-9423-2F8C5B951D69}
		{678E09A6-12B9-4BE4-B1DA-E859A7314A5C} = {C31E4348-C010-4A47-912B-80D8911997A3}
		{AB5395CC-FBCE-4E2C-8F95-9E78936130F2} = {E39D4AAC-A645-473D-98B5-F63DA2D8E074}
		{AC3F47FA-B7C9-4AE0-9832-1E63A8F918D3} = {D46680FB-253C-4682-BB6E-01668810798C}
		{41A038F8-16F5-4976-8583-2CECBA72C7BB} = {D46680FB-253C-4682-BB6E-01668810798C}
		{CFD379C3-7825-46B6-AA18-8806CF0B466E} = {89151487-C55D-465D-98C4-9FB6A16491B2}
		{D46680FB-253C-4682-BB6E-01668810798C} = {CFD379C3-7825-46B6-AA18-8806CF0B466E}
		{3813D3FF-D19E-42CD-B808-38C0B98C047C} = {F9AB9BBF-913A-4015-BF52-363444570C47}
		{FB0BBDEE-1637-4403-8D60-86CE86BEE670} = {CFD379C3-7825-46B6-AA18-8806CF0B466E}
		{B68A97FF-64AA-4261-802F-32C20CF499C3} = {FB0BBDEE-1637-4403-8D60-86CE86BEE670}
		{6602EC85-3A5D-46E4-B691-8BD00F74A5BC} = {FB0BBDEE-1637-4403-8D60-86CE86BEE670}
		{63D94897-4366-4F1A-BCF9-417E488508E8} = {CFD379C3-7825-46B6-AA18-8806CF0B466E}
		{3C75CF2B-CF6F-4635-A3AB-01002253E714} = {63D94897-4366-4F1A-BCF9-417E488508E8}
		{A8AEC582-6F9B-47F3-89F6-942EDBBF5D23} = {CFD379C3-7825-46B6-AA18-8806CF0B466E}
		{47F23B0F-867D-45B6-BBC2-B978977BA5D2} = {A8AEC582-6F9B-47F3-89F6-942EDBBF5D23}
		{31F317FA-4383-4A86-B621-59B8EEAFCDF3} = {A8AEC582-6F9B-47F3-89F6-942EDBBF5D23}
	EndGlobalSection
EndGlobal
