
Microsoft Visual Studio Solution File, Format Version 12.00
# Visual Studio Version 17
VisualStudioVersion = 17.1.32319.34
MinimumVisualStudioVersion = 10.0.40219.1
Project("{E53339B2-1760-4266-BCC7-CA923CBCF16C}") = "docker-compose", "docker-compose.dcproj", "{D28D1F00-F32E-4B5E-8578-0067972F4981}"
EndProject
Project("{2150E333-8FDC-42A3-9474-1A3956D46DE8}") = "Infrastructure", "Infrastructure", "{E39D4AAC-A645-473D-98B5-F63DA2D8E074}"
EndProject
Project("{2150E333-8FDC-42A3-9474-1A3956D46DE8}") = "Presentation", "Presentation", "{00E3F0BB-80B2-4A56-A0C0-D8C774A80BC5}"
EndProject
Project("{2150E333-8FDC-42A3-9474-1A3956D46DE8}") = "Auth", "Auth", "{5B816EDF-1C78-4970-B784-0ACDA85FFEF2}"
EndProject
Project("{2150E333-8FDC-42A3-9474-1A3956D46DE8}") = "StaticFiles", "StaticFiles", "{43D407C3-AC18-4F99-8F9D-297DF2740BBE}"
EndProject
Project("{2150E333-8FDC-42A3-9474-1A3956D46DE8}") = "Vouchers", "Vouchers", "{89151487-C55D-465D-98C4-9FB6A16491B2}"
EndProject
Project("{2150E333-8FDC-42A3-9474-1A3956D46DE8}") = "Tests", "Tests", "{CAB3894E-FC4B-4B47-9423-2F8C5B951D69}"
EndProject
Project("{2150E333-8FDC-42A3-9474-1A3956D46DE8}") = "Domain", "Domain", "{C31E4348-C010-4A47-912B-80D8911997A3}"
EndProject
Project("{2150E333-8FDC-42A3-9474-1A3956D46DE8}") = "Core", "Core", "{D46680FB-253C-4682-BB6E-01668810798C}"
EndProject
Project("{2150E333-8FDC-42A3-9474-1A3956D46DE8}") = "Modules", "Modules", "{CFD379C3-7825-46B6-AA18-8806CF0B466E}"
EndProject
Project("{2150E333-8FDC-42A3-9474-1A3956D46DE8}") = "Domains", "Domains", "{FB0BBDEE-1637-4403-8D60-86CE86BEE670}"
EndProject
Project("{2150E333-8FDC-42A3-9474-1A3956D46DE8}") = "Queries", "Queries", "{63D94897-4366-4F1A-BCF9-417E488508E8}"
EndProject
Project("{2150E333-8FDC-42A3-9474-1A3956D46DE8}") = "Files", "Files", "{A8AEC582-6F9B-47F3-89F6-942EDBBF5D23}"
EndProject
Project("{FAE04EC0-301F-11D3-BF4B-00C04F79EFBC}") = "Auth", "Auth\Auth.csproj", "{1C3BBF75-EF74-433B-82FF-C83221417159}"
EndProject
Project("{FAE04EC0-301F-11D3-BF4B-00C04F79EFBC}") = "IdentityServer", "IdentityServer\IdentityServer.csproj", "{874C846B-61CC-44D1-98C2-104E4823F83F}"
EndProject
Project("{FAE04EC0-301F-11D3-BF4B-00C04F79EFBC}") = "StaticFiles", "StaticFiles\StaticFiles.csproj", "{30A0C6FF-F5A9-41CC-8978-82DB0A85D8A5}"
EndProject
Project("{FAE04EC0-301F-11D3-BF4B-00C04F79EFBC}") = "AddMigration", "AddMigration\AddMigration.csproj", "{17853EE7-F325-4D6A-9D03-ADB5BCFDE69E}"
EndProject
Project("{FAE04EC0-301F-11D3-BF4B-00C04F79EFBC}") = "Infrastructure", "Infrastructure\Infrastructure.csproj", "{3407FC01-027A-48CA-A9FB-4B0216483FF7}"
EndProject
Project("{FAE04EC0-301F-11D3-BF4B-00C04F79EFBC}") = "Persistence", "Persistence\Persistence.csproj", "{BEFFF928-89C8-4501-B625-0B78B94DB718}"
EndProject
Project("{2150E333-8FDC-42A3-9474-1A3956D46DE8}") = "src", "src", "{3D9F73DC-148A-447B-B06C-CEDBA2D42D85}"
EndProject
Project("{FAE04EC0-301F-11D3-BF4B-00C04F79EFBC}") = "Core.Application", "Core.Application\Core.Application.csproj", "{0D9E7B71-3D99-49F6-8E3E-D0FEF6E8473B}"
EndProject
Project("{FAE04EC0-301F-11D3-BF4B-00C04F79EFBC}") = "Core.Domain", "Core.Domain\Core.Domain.csproj", "{4534A997-5A75-45A5-A1F8-1F12E95B6ADC}"
EndProject
Project("{FAE04EC0-301F-11D3-BF4B-00C04F79EFBC}") = "Domains.Application", "Domains.Application\Domains.Application.csproj", "{F2AB3DBF-C031-4E28-9306-742E8986C06F}"
EndProject
Project("{FAE04EC0-301F-11D3-BF4B-00C04F79EFBC}") = "Domains.Domain", "Domains.Domain\Domains.Domain.csproj", "{73FF2FF1-2487-4B35-94BC-9A0C0E32D6BA}"
EndProject
Project("{FAE04EC0-301F-11D3-BF4B-00C04F79EFBC}") = "Files.Application", "Files.Application\Files.Application.csproj", "{B8C26AB2-58C9-4FF1-B1B1-F20466217E5C}"
EndProject
Project("{FAE04EC0-301F-11D3-BF4B-00C04F79EFBC}") = "Files.Domain", "Files.Domain\Files.Domain.csproj", "{14634504-9154-47B7-B47F-1869D6E5DB45}"
EndProject
Project("{FAE04EC0-301F-11D3-BF4B-00C04F79EFBC}") = "Queries.Application", "Queries.Application\Queries.Application.csproj", "{E97FDFEE-E0EA-451F-9ED6-3B667F80FE47}"
EndProject
Project("{FAE04EC0-301F-11D3-BF4B-00C04F79EFBC}") = "API", "API\API.csproj", "{1B91468E-3225-4E89-B1B8-5A12AFCFCF32}"
EndProject
Project("{FAE04EC0-301F-11D3-BF4B-00C04F79EFBC}") = "MinimalAPI", "MinimalAPI\MinimalAPI.csproj", "{6F361972-5D7A-49A0-A6EF-20F0A75C52AB}"
EndProject
Project("{FAE04EC0-301F-11D3-BF4B-00C04F79EFBC}") = "Core.Domain.UnitTests", "Core.Domain.UnitTests\Core.Domain.UnitTests.csproj", "{42E05B3A-527F-4CC3-ADA7-32576CE2D80F}"
EndProject
Project("{FAE04EC0-301F-11D3-BF4B-00C04F79EFBC}") = "Resources", "Resources\Resources.csproj", "{D8FF276F-D303-40FD-95F7-83500642E532}"
EndProject
Project("{FAE04EC0-301F-11D3-BF4B-00C04F79EFBC}") = "Core.Infrastructure", "Core.Infrastructure\Core.Infrastructure.csproj", "{1D2C4F79-2343-44A8-91DF-AB970D18593C}"
EndProject
Project("{FAE04EC0-301F-11D3-BF4B-00C04F79EFBC}") = "Domains.Infrastructure", "Domains.Infrastructure\Domains.Infrastructure.csproj", "{F19ED5FA-0C75-4108-8491-78CF655EB328}"
EndProject
Project("{FAE04EC0-301F-11D3-BF4B-00C04F79EFBC}") = "Files.Infrastructure", "Files.Infrastructure\Files.Infrastructure.csproj", "{A73EF9E6-89E1-4D6D-BF50-274E98F0DFE9}"
EndProject
Project("{FAE04EC0-301F-11D3-BF4B-00C04F79EFBC}") = "Queries.Infrastructure", "Queries.Infrastructure\Queries.Infrastructure.csproj", "{651D8985-0AB5-46D7-99D4-7CF200DD154B}"
EndProject
Project("{FAE04EC0-301F-11D3-BF4B-00C04F79EFBC}") = "Core.Persistence", "Core.Persistence\Core.Persistence.csproj", "{017AB666-3FE5-410A-BC66-B91544031ACF}"
EndProject
Project("{FAE04EC0-301F-11D3-BF4B-00C04F79EFBC}") = "Domains.Persistence", "Domains.Persistence\Domains.Persistence.csproj", "{D9AC171A-5282-46B9-9D93-AC9522DB2264}"
EndProject
Project("{FAE04EC0-301F-11D3-BF4B-00C04F79EFBC}") = "Files.Persistence", "Files.Persistence\Files.Persistence.csproj", "{615326C9-D88E-4D6F-A636-0B570B219242}"
EndProject
Project("{2150E333-8FDC-42A3-9474-1A3956D46DE8}") = "InterCommunication", "InterCommunication", "{69225695-B5A9-4180-9436-9678BAE237EB}"
EndProject
Project("{FAE04EC0-301F-11D3-BF4B-00C04F79EFBC}") = "InterCommunication.Application", "InterCommunication.Application\InterCommunication.Application.csproj", "{115201EB-EBF2-438C-A99A-96E32DABBA64}"
EndProject
Project("{FAE04EC0-301F-11D3-BF4B-00C04F79EFBC}") = "InterCommunication.Domain", "InterCommunication.Domain\InterCommunication.Domain.csproj", "{63900FAD-36D8-4615-93B6-459906178168}"
EndProject
Project("{FAE04EC0-301F-11D3-BF4B-00C04F79EFBC}") = "InterCommunication.Persistence", "InterCommunication.Persistence\InterCommunication.Persistence.csproj", "{07B07A9E-483B-400D-B8CF-6B7CFCDAFED3}"
EndProject
Global
	GlobalSection(SolutionConfigurationPlatforms) = preSolution
		Debug|Any CPU = Debug|Any CPU
		Release|Any CPU = Release|Any CPU
	EndGlobalSection
	GlobalSection(ProjectConfigurationPlatforms) = postSolution
		{D28D1F00-F32E-4B5E-8578-0067972F4981}.Debug|Any CPU.ActiveCfg = Debug|Any CPU
		{D28D1F00-F32E-4B5E-8578-0067972F4981}.Debug|Any CPU.Build.0 = Debug|Any CPU
		{D28D1F00-F32E-4B5E-8578-0067972F4981}.Release|Any CPU.ActiveCfg = Release|Any CPU
		{D28D1F00-F32E-4B5E-8578-0067972F4981}.Release|Any CPU.Build.0 = Release|Any CPU
		{1C3BBF75-EF74-433B-82FF-C83221417159}.Debug|Any CPU.ActiveCfg = Debug|Any CPU
		{1C3BBF75-EF74-433B-82FF-C83221417159}.Debug|Any CPU.Build.0 = Debug|Any CPU
		{1C3BBF75-EF74-433B-82FF-C83221417159}.Release|Any CPU.ActiveCfg = Release|Any CPU
		{1C3BBF75-EF74-433B-82FF-C83221417159}.Release|Any CPU.Build.0 = Release|Any CPU
		{874C846B-61CC-44D1-98C2-104E4823F83F}.Debug|Any CPU.ActiveCfg = Debug|Any CPU
		{874C846B-61CC-44D1-98C2-104E4823F83F}.Debug|Any CPU.Build.0 = Debug|Any CPU
		{874C846B-61CC-44D1-98C2-104E4823F83F}.Release|Any CPU.ActiveCfg = Release|Any CPU
		{874C846B-61CC-44D1-98C2-104E4823F83F}.Release|Any CPU.Build.0 = Release|Any CPU
		{30A0C6FF-F5A9-41CC-8978-82DB0A85D8A5}.Debug|Any CPU.ActiveCfg = Debug|Any CPU
		{30A0C6FF-F5A9-41CC-8978-82DB0A85D8A5}.Debug|Any CPU.Build.0 = Debug|Any CPU
		{30A0C6FF-F5A9-41CC-8978-82DB0A85D8A5}.Release|Any CPU.ActiveCfg = Release|Any CPU
		{30A0C6FF-F5A9-41CC-8978-82DB0A85D8A5}.Release|Any CPU.Build.0 = Release|Any CPU
		{17853EE7-F325-4D6A-9D03-ADB5BCFDE69E}.Debug|Any CPU.ActiveCfg = Debug|Any CPU
		{17853EE7-F325-4D6A-9D03-ADB5BCFDE69E}.Debug|Any CPU.Build.0 = Debug|Any CPU
		{17853EE7-F325-4D6A-9D03-ADB5BCFDE69E}.Release|Any CPU.ActiveCfg = Release|Any CPU
		{17853EE7-F325-4D6A-9D03-ADB5BCFDE69E}.Release|Any CPU.Build.0 = Release|Any CPU
		{3407FC01-027A-48CA-A9FB-4B0216483FF7}.Debug|Any CPU.ActiveCfg = Debug|Any CPU
		{3407FC01-027A-48CA-A9FB-4B0216483FF7}.Debug|Any CPU.Build.0 = Debug|Any CPU
		{3407FC01-027A-48CA-A9FB-4B0216483FF7}.Release|Any CPU.ActiveCfg = Release|Any CPU
		{3407FC01-027A-48CA-A9FB-4B0216483FF7}.Release|Any CPU.Build.0 = Release|Any CPU
		{BEFFF928-89C8-4501-B625-0B78B94DB718}.Debug|Any CPU.ActiveCfg = Debug|Any CPU
		{BEFFF928-89C8-4501-B625-0B78B94DB718}.Debug|Any CPU.Build.0 = Debug|Any CPU
		{BEFFF928-89C8-4501-B625-0B78B94DB718}.Release|Any CPU.ActiveCfg = Release|Any CPU
		{BEFFF928-89C8-4501-B625-0B78B94DB718}.Release|Any CPU.Build.0 = Release|Any CPU
		{0D9E7B71-3D99-49F6-8E3E-D0FEF6E8473B}.Debug|Any CPU.ActiveCfg = Debug|Any CPU
		{0D9E7B71-3D99-49F6-8E3E-D0FEF6E8473B}.Debug|Any CPU.Build.0 = Debug|Any CPU
		{0D9E7B71-3D99-49F6-8E3E-D0FEF6E8473B}.Release|Any CPU.ActiveCfg = Release|Any CPU
		{0D9E7B71-3D99-49F6-8E3E-D0FEF6E8473B}.Release|Any CPU.Build.0 = Release|Any CPU
		{4534A997-5A75-45A5-A1F8-1F12E95B6ADC}.Debug|Any CPU.ActiveCfg = Debug|Any CPU
		{4534A997-5A75-45A5-A1F8-1F12E95B6ADC}.Debug|Any CPU.Build.0 = Debug|Any CPU
		{4534A997-5A75-45A5-A1F8-1F12E95B6ADC}.Release|Any CPU.ActiveCfg = Release|Any CPU
		{4534A997-5A75-45A5-A1F8-1F12E95B6ADC}.Release|Any CPU.Build.0 = Release|Any CPU
		{F2AB3DBF-C031-4E28-9306-742E8986C06F}.Debug|Any CPU.ActiveCfg = Debug|Any CPU
		{F2AB3DBF-C031-4E28-9306-742E8986C06F}.Debug|Any CPU.Build.0 = Debug|Any CPU
		{F2AB3DBF-C031-4E28-9306-742E8986C06F}.Release|Any CPU.ActiveCfg = Release|Any CPU
		{F2AB3DBF-C031-4E28-9306-742E8986C06F}.Release|Any CPU.Build.0 = Release|Any CPU
		{73FF2FF1-2487-4B35-94BC-9A0C0E32D6BA}.Debug|Any CPU.ActiveCfg = Debug|Any CPU
		{73FF2FF1-2487-4B35-94BC-9A0C0E32D6BA}.Debug|Any CPU.Build.0 = Debug|Any CPU
		{73FF2FF1-2487-4B35-94BC-9A0C0E32D6BA}.Release|Any CPU.ActiveCfg = Release|Any CPU
		{73FF2FF1-2487-4B35-94BC-9A0C0E32D6BA}.Release|Any CPU.Build.0 = Release|Any CPU
		{B8C26AB2-58C9-4FF1-B1B1-F20466217E5C}.Debug|Any CPU.ActiveCfg = Debug|Any CPU
		{B8C26AB2-58C9-4FF1-B1B1-F20466217E5C}.Debug|Any CPU.Build.0 = Debug|Any CPU
		{B8C26AB2-58C9-4FF1-B1B1-F20466217E5C}.Release|Any CPU.ActiveCfg = Release|Any CPU
		{B8C26AB2-58C9-4FF1-B1B1-F20466217E5C}.Release|Any CPU.Build.0 = Release|Any CPU
		{14634504-9154-47B7-B47F-1869D6E5DB45}.Debug|Any CPU.ActiveCfg = Debug|Any CPU
		{14634504-9154-47B7-B47F-1869D6E5DB45}.Debug|Any CPU.Build.0 = Debug|Any CPU
		{14634504-9154-47B7-B47F-1869D6E5DB45}.Release|Any CPU.ActiveCfg = Release|Any CPU
		{14634504-9154-47B7-B47F-1869D6E5DB45}.Release|Any CPU.Build.0 = Release|Any CPU
		{E97FDFEE-E0EA-451F-9ED6-3B667F80FE47}.Debug|Any CPU.ActiveCfg = Debug|Any CPU
		{E97FDFEE-E0EA-451F-9ED6-3B667F80FE47}.Debug|Any CPU.Build.0 = Debug|Any CPU
		{E97FDFEE-E0EA-451F-9ED6-3B667F80FE47}.Release|Any CPU.ActiveCfg = Release|Any CPU
		{E97FDFEE-E0EA-451F-9ED6-3B667F80FE47}.Release|Any CPU.Build.0 = Release|Any CPU
		{1B91468E-3225-4E89-B1B8-5A12AFCFCF32}.Debug|Any CPU.ActiveCfg = Debug|Any CPU
		{1B91468E-3225-4E89-B1B8-5A12AFCFCF32}.Debug|Any CPU.Build.0 = Debug|Any CPU
		{1B91468E-3225-4E89-B1B8-5A12AFCFCF32}.Release|Any CPU.ActiveCfg = Release|Any CPU
		{1B91468E-3225-4E89-B1B8-5A12AFCFCF32}.Release|Any CPU.Build.0 = Release|Any CPU
		{6F361972-5D7A-49A0-A6EF-20F0A75C52AB}.Debug|Any CPU.ActiveCfg = Debug|Any CPU
		{6F361972-5D7A-49A0-A6EF-20F0A75C52AB}.Debug|Any CPU.Build.0 = Debug|Any CPU
		{6F361972-5D7A-49A0-A6EF-20F0A75C52AB}.Release|Any CPU.ActiveCfg = Release|Any CPU
		{6F361972-5D7A-49A0-A6EF-20F0A75C52AB}.Release|Any CPU.Build.0 = Release|Any CPU
		{42E05B3A-527F-4CC3-ADA7-32576CE2D80F}.Debug|Any CPU.ActiveCfg = Debug|Any CPU
		{42E05B3A-527F-4CC3-ADA7-32576CE2D80F}.Debug|Any CPU.Build.0 = Debug|Any CPU
		{42E05B3A-527F-4CC3-ADA7-32576CE2D80F}.Release|Any CPU.ActiveCfg = Release|Any CPU
		{42E05B3A-527F-4CC3-ADA7-32576CE2D80F}.Release|Any CPU.Build.0 = Release|Any CPU
		{D8FF276F-D303-40FD-95F7-83500642E532}.Debug|Any CPU.ActiveCfg = Debug|Any CPU
		{D8FF276F-D303-40FD-95F7-83500642E532}.Debug|Any CPU.Build.0 = Debug|Any CPU
		{D8FF276F-D303-40FD-95F7-83500642E532}.Release|Any CPU.ActiveCfg = Release|Any CPU
		{D8FF276F-D303-40FD-95F7-83500642E532}.Release|Any CPU.Build.0 = Release|Any CPU
		{1D2C4F79-2343-44A8-91DF-AB970D18593C}.Debug|Any CPU.ActiveCfg = Debug|Any CPU
		{1D2C4F79-2343-44A8-91DF-AB970D18593C}.Debug|Any CPU.Build.0 = Debug|Any CPU
		{1D2C4F79-2343-44A8-91DF-AB970D18593C}.Release|Any CPU.ActiveCfg = Release|Any CPU
		{1D2C4F79-2343-44A8-91DF-AB970D18593C}.Release|Any CPU.Build.0 = Release|Any CPU
		{F19ED5FA-0C75-4108-8491-78CF655EB328}.Debug|Any CPU.ActiveCfg = Debug|Any CPU
		{F19ED5FA-0C75-4108-8491-78CF655EB328}.Debug|Any CPU.Build.0 = Debug|Any CPU
		{F19ED5FA-0C75-4108-8491-78CF655EB328}.Release|Any CPU.ActiveCfg = Release|Any CPU
		{F19ED5FA-0C75-4108-8491-78CF655EB328}.Release|Any CPU.Build.0 = Release|Any CPU
		{A73EF9E6-89E1-4D6D-BF50-274E98F0DFE9}.Debug|Any CPU.ActiveCfg = Debug|Any CPU
		{A73EF9E6-89E1-4D6D-BF50-274E98F0DFE9}.Debug|Any CPU.Build.0 = Debug|Any CPU
		{A73EF9E6-89E1-4D6D-BF50-274E98F0DFE9}.Release|Any CPU.ActiveCfg = Release|Any CPU
		{A73EF9E6-89E1-4D6D-BF50-274E98F0DFE9}.Release|Any CPU.Build.0 = Release|Any CPU
		{651D8985-0AB5-46D7-99D4-7CF200DD154B}.Debug|Any CPU.ActiveCfg = Debug|Any CPU
		{651D8985-0AB5-46D7-99D4-7CF200DD154B}.Debug|Any CPU.Build.0 = Debug|Any CPU
		{651D8985-0AB5-46D7-99D4-7CF200DD154B}.Release|Any CPU.ActiveCfg = Release|Any CPU
		{651D8985-0AB5-46D7-99D4-7CF200DD154B}.Release|Any CPU.Build.0 = Release|Any CPU
		{017AB666-3FE5-410A-BC66-B91544031ACF}.Debug|Any CPU.ActiveCfg = Debug|Any CPU
		{017AB666-3FE5-410A-BC66-B91544031ACF}.Debug|Any CPU.Build.0 = Debug|Any CPU
		{017AB666-3FE5-410A-BC66-B91544031ACF}.Release|Any CPU.ActiveCfg = Release|Any CPU
		{017AB666-3FE5-410A-BC66-B91544031ACF}.Release|Any CPU.Build.0 = Release|Any CPU
		{D9AC171A-5282-46B9-9D93-AC9522DB2264}.Debug|Any CPU.ActiveCfg = Debug|Any CPU
		{D9AC171A-5282-46B9-9D93-AC9522DB2264}.Debug|Any CPU.Build.0 = Debug|Any CPU
		{D9AC171A-5282-46B9-9D93-AC9522DB2264}.Release|Any CPU.ActiveCfg = Release|Any CPU
		{D9AC171A-5282-46B9-9D93-AC9522DB2264}.Release|Any CPU.Build.0 = Release|Any CPU
		{615326C9-D88E-4D6F-A636-0B570B219242}.Debug|Any CPU.ActiveCfg = Debug|Any CPU
		{615326C9-D88E-4D6F-A636-0B570B219242}.Debug|Any CPU.Build.0 = Debug|Any CPU
		{615326C9-D88E-4D6F-A636-0B570B219242}.Release|Any CPU.ActiveCfg = Release|Any CPU
		{615326C9-D88E-4D6F-A636-0B570B219242}.Release|Any CPU.Build.0 = Release|Any CPU
		{115201EB-EBF2-438C-A99A-96E32DABBA64}.Debug|Any CPU.ActiveCfg = Debug|Any CPU
		{115201EB-EBF2-438C-A99A-96E32DABBA64}.Debug|Any CPU.Build.0 = Debug|Any CPU
		{115201EB-EBF2-438C-A99A-96E32DABBA64}.Release|Any CPU.ActiveCfg = Release|Any CPU
		{115201EB-EBF2-438C-A99A-96E32DABBA64}.Release|Any CPU.Build.0 = Release|Any CPU
		{63900FAD-36D8-4615-93B6-459906178168}.Debug|Any CPU.ActiveCfg = Debug|Any CPU
		{63900FAD-36D8-4615-93B6-459906178168}.Debug|Any CPU.Build.0 = Debug|Any CPU
		{63900FAD-36D8-4615-93B6-459906178168}.Release|Any CPU.ActiveCfg = Release|Any CPU
		{63900FAD-36D8-4615-93B6-459906178168}.Release|Any CPU.Build.0 = Release|Any CPU
		{07B07A9E-483B-400D-B8CF-6B7CFCDAFED3}.Debug|Any CPU.ActiveCfg = Debug|Any CPU
		{07B07A9E-483B-400D-B8CF-6B7CFCDAFED3}.Debug|Any CPU.Build.0 = Debug|Any CPU
		{07B07A9E-483B-400D-B8CF-6B7CFCDAFED3}.Release|Any CPU.ActiveCfg = Release|Any CPU
		{07B07A9E-483B-400D-B8CF-6B7CFCDAFED3}.Release|Any CPU.Build.0 = Release|Any CPU
	EndGlobalSection
	GlobalSection(SolutionProperties) = preSolution
		HideSolutionNode = FALSE
	EndGlobalSection
	GlobalSection(ExtensibilityGlobals) = postSolution
		RESX_ShowErrorsInErrorList = False
		SolutionGuid = {559C331F-B670-4C6E-8AA9-14C238526424}
	EndGlobalSection
	GlobalSection(NestedProjects) = preSolution
		{00E3F0BB-80B2-4A56-A0C0-D8C774A80BC5} = {89151487-C55D-465D-98C4-9FB6A16491B2}
		{E39D4AAC-A645-473D-98B5-F63DA2D8E074} = {89151487-C55D-465D-98C4-9FB6A16491B2}
		{CAB3894E-FC4B-4B47-9423-2F8C5B951D69} = {89151487-C55D-465D-98C4-9FB6A16491B2}
		{C31E4348-C010-4A47-912B-80D8911997A3} = {CAB3894E-FC4B-4B47-9423-2F8C5B951D69}
		{CFD379C3-7825-46B6-AA18-8806CF0B466E} = {89151487-C55D-465D-98C4-9FB6A16491B2}
		{D46680FB-253C-4682-BB6E-01668810798C} = {CFD379C3-7825-46B6-AA18-8806CF0B466E}
		{FB0BBDEE-1637-4403-8D60-86CE86BEE670} = {CFD379C3-7825-46B6-AA18-8806CF0B466E}
		{63D94897-4366-4F1A-BCF9-417E488508E8} = {CFD379C3-7825-46B6-AA18-8806CF0B466E}
		{A8AEC582-6F9B-47F3-89F6-942EDBBF5D23} = {CFD379C3-7825-46B6-AA18-8806CF0B466E}
		{1C3BBF75-EF74-433B-82FF-C83221417159} = {5B816EDF-1C78-4970-B784-0ACDA85FFEF2}
		{874C846B-61CC-44D1-98C2-104E4823F83F} = {5B816EDF-1C78-4970-B784-0ACDA85FFEF2}
		{30A0C6FF-F5A9-41CC-8978-82DB0A85D8A5} = {43D407C3-AC18-4F99-8F9D-297DF2740BBE}
		{17853EE7-F325-4D6A-9D03-ADB5BCFDE69E} = {E39D4AAC-A645-473D-98B5-F63DA2D8E074}
		{3407FC01-027A-48CA-A9FB-4B0216483FF7} = {E39D4AAC-A645-473D-98B5-F63DA2D8E074}
		{BEFFF928-89C8-4501-B625-0B78B94DB718} = {E39D4AAC-A645-473D-98B5-F63DA2D8E074}
		{5B816EDF-1C78-4970-B784-0ACDA85FFEF2} = {3D9F73DC-148A-447B-B06C-CEDBA2D42D85}
		{43D407C3-AC18-4F99-8F9D-297DF2740BBE} = {3D9F73DC-148A-447B-B06C-CEDBA2D42D85}
		{89151487-C55D-465D-98C4-9FB6A16491B2} = {3D9F73DC-148A-447B-B06C-CEDBA2D42D85}
		{0D9E7B71-3D99-49F6-8E3E-D0FEF6E8473B} = {D46680FB-253C-4682-BB6E-01668810798C}
		{4534A997-5A75-45A5-A1F8-1F12E95B6ADC} = {D46680FB-253C-4682-BB6E-01668810798C}
		{F2AB3DBF-C031-4E28-9306-742E8986C06F} = {FB0BBDEE-1637-4403-8D60-86CE86BEE670}
		{73FF2FF1-2487-4B35-94BC-9A0C0E32D6BA} = {FB0BBDEE-1637-4403-8D60-86CE86BEE670}
		{B8C26AB2-58C9-4FF1-B1B1-F20466217E5C} = {A8AEC582-6F9B-47F3-89F6-942EDBBF5D23}
		{14634504-9154-47B7-B47F-1869D6E5DB45} = {A8AEC582-6F9B-47F3-89F6-942EDBBF5D23}
		{E97FDFEE-E0EA-451F-9ED6-3B667F80FE47} = {63D94897-4366-4F1A-BCF9-417E488508E8}
		{1B91468E-3225-4E89-B1B8-5A12AFCFCF32} = {00E3F0BB-80B2-4A56-A0C0-D8C774A80BC5}
		{6F361972-5D7A-49A0-A6EF-20F0A75C52AB} = {00E3F0BB-80B2-4A56-A0C0-D8C774A80BC5}
		{42E05B3A-527F-4CC3-ADA7-32576CE2D80F} = {C31E4348-C010-4A47-912B-80D8911997A3}
		{D8FF276F-D303-40FD-95F7-83500642E532} = {E39D4AAC-A645-473D-98B5-F63DA2D8E074}
		{1D2C4F79-2343-44A8-91DF-AB970D18593C} = {D46680FB-253C-4682-BB6E-01668810798C}
		{F19ED5FA-0C75-4108-8491-78CF655EB328} = {FB0BBDEE-1637-4403-8D60-86CE86BEE670}
		{A73EF9E6-89E1-4D6D-BF50-274E98F0DFE9} = {A8AEC582-6F9B-47F3-89F6-942EDBBF5D23}
		{651D8985-0AB5-46D7-99D4-7CF200DD154B} = {63D94897-4366-4F1A-BCF9-417E488508E8}
		{017AB666-3FE5-410A-BC66-B91544031ACF} = {D46680FB-253C-4682-BB6E-01668810798C}
		{D9AC171A-5282-46B9-9D93-AC9522DB2264} = {FB0BBDEE-1637-4403-8D60-86CE86BEE670}
		{615326C9-D88E-4D6F-A636-0B570B219242} = {A8AEC582-6F9B-47F3-89F6-942EDBBF5D23}
		{69225695-B5A9-4180-9436-9678BAE237EB} = {CFD379C3-7825-46B6-AA18-8806CF0B466E}
		{115201EB-EBF2-438C-A99A-96E32DABBA64} = {69225695-B5A9-4180-9436-9678BAE237EB}
		{63900FAD-36D8-4615-93B6-459906178168} = {69225695-B5A9-4180-9436-9678BAE237EB}
		{07B07A9E-483B-400D-B8CF-6B7CFCDAFED3} = {69225695-B5A9-4180-9436-9678BAE237EB}
	EndGlobalSection
EndGlobal
